<?xml version="1.0" encoding="utf-8"?>
<Project ToolsVersion="4.0" xmlns="http://schemas.microsoft.com/developer/msbuild/2003">
  <ItemGroup>
    <Filter Include="소스 파일">
      <UniqueIdentifier>{4FC737F1-C7A5-4376-A066-2A32D752A2FF}</UniqueIdentifier>
      <Extensions>cpp;c;cc;cxx;def;odl;idl;hpj;bat;asm;asmx</Extensions>
    </Filter>
    <Filter Include="헤더 파일">
      <UniqueIdentifier>{93995380-89BD-4b04-88EB-625FBE52EBFB}</UniqueIdentifier>
      <Extensions>h;hh;hpp;hxx;hm;inl;inc;xsd</Extensions>
    </Filter>
    <Filter Include="리소스 파일">
      <UniqueIdentifier>{67DA6AB6-F800-4c08-8B7A-83BB121AAD01}</UniqueIdentifier>
      <Extensions>rc;ico;cur;bmp;dlg;rc2;rct;bin;rgs;gif;jpg;jpeg;jpe;resx;tiff;tif;png;wav;mfcribbon-ms</Extensions>
    </Filter>
    <Filter Include="소스 파일\DBWriter">
      <UniqueIdentifier>{d18384a1-b5b8-44d8-b2d6-73cd5b8b513b}</UniqueIdentifier>
    </Filter>
    <Filter Include="헤더 파일\CSystem">
      <UniqueIdentifier>{0fe23e06-10cd-4222-8a65-a879a6eecc34}</UniqueIdentifier>
    </Filter>
    <Filter Include="헤더 파일\CSystem\CMemoryPool">
      <UniqueIdentifier>{23ef570a-b402-476a-98e0-0f994e170f5b}</UniqueIdentifier>
    </Filter>
    <Filter Include="헤더 파일\CSystem\CrashDump">
      <UniqueIdentifier>{fddfccca-10c1-46e5-98d0-7e1a0e419856}</UniqueIdentifier>
    </Filter>
    <Filter Include="헤더 파일\CSystem\CrashDump\APIHook">
      <UniqueIdentifier>{250a4cc4-23e7-4d8a-bde0-4ae2ac979975}</UniqueIdentifier>
    </Filter>
    <Filter Include="헤더 파일\CSystem\CRingBuffer">
      <UniqueIdentifier>{3952e5a8-793a-4700-8ad4-202ab0fd67da}</UniqueIdentifier>
    </Filter>
  </ItemGroup>
  <ItemGroup>
    <ClInclude Include="_DBDefine.h">
      <Filter>헤더 파일</Filter>
    </ClInclude>
    <ClInclude Include="DBWriter.h">
      <Filter>소스 파일\DBWriter</Filter>
    </ClInclude>
    <ClInclude Include="CLFMemoryPool.h">
      <Filter>헤더 파일\CSystem\CMemoryPool</Filter>
    </ClInclude>
    <ClInclude Include="CLFMemoryPool_TLS.h">
      <Filter>헤더 파일\CSystem\CMemoryPool</Filter>
    </ClInclude>
    <ClInclude Include="CSystemLog.h">
      <Filter>헤더 파일\CSystem</Filter>
    </ClInclude>
    <ClInclude Include="CrashDump.h">
      <Filter>헤더 파일\CSystem\CrashDump</Filter>
    </ClInclude>
    <ClInclude Include="APIHook.h">
      <Filter>헤더 파일\CSystem\CrashDump\APIHook</Filter>
    </ClInclude>
    <ClInclude Include="CRingBuffer.h">
      <Filter>헤더 파일\CSystem\CRingBuffer</Filter>
    </ClInclude>
  </ItemGroup>
  <ItemGroup>
    <ClCompile Include="_main.cpp">
      <Filter>소스 파일</Filter>
    </ClCompile>
    <ClCompile Include="CrashDump.cpp">
      <Filter>헤더 파일\CSystem\CrashDump</Filter>
    </ClCompile>
    <ClCompile Include="APIHook.cpp">
      <Filter>헤더 파일\CSystem\CrashDump\APIHook</Filter>
    </ClCompile>
    <ClCompile Include="CRingBuffer.cpp">
      <Filter>헤더 파일\CSystem\CRingBuffer</Filter>
    </ClCompile>
    <ClCompile Include="DBWriter.cpp">
      <Filter>소스 파일\DBWriter</Filter>
    </ClCompile>
  </ItemGroup>
  <ItemGroup>
    <None Include="..\Table.sql">
      <Filter>리소스 파일</Filter>
    </None>
  </ItemGroup>
</Project>